
Microsoft Visual Studio Solution File, Format Version 12.00
# Visual Studio 15
VisualStudioVersion = 15.0.28010.2041
MinimumVisualStudioVersion = 10.0.40219.1
Project("{FAE04EC0-301F-11D3-BF4B-00C04F79EFBC}") = "ex2", "ex2\ex2.csproj", "{B343FA06-18ED-40D4-9962-F0C2527552DC}"
EndProject
Global
	GlobalSection(SolutionConfigurationPlatforms) = preSolution
		Debug|Any CPU = Debug|Any CPU
		Release|Any CPU = Release|Any CPU
	EndGlobalSection
	GlobalSection(ProjectConfigurationPlatforms) = postSolution
		{B343FA06-18ED-40D4-9962-F0C2527552DC}.Debug|Any CPU.ActiveCfg = Debug|Any CPU
		{B343FA06-18ED-40D4-9962-F0C2527552DC}.Debug|Any CPU.Build.0 = Debug|Any CPU
		{B343FA06-18ED-40D4-9962-F0C2527552DC}.Release|Any CPU.ActiveCfg = Release|Any CPU
		{B343FA06-18ED-40D4-9962-F0C2527552DC}.Release|Any CPU.Build.0 = Release|Any CPU
	EndGlobalSection
	GlobalSection(SolutionProperties) = preSolution
		HideSolutionNode = FALSE
	EndGlobalSection
	GlobalSection(ExtensibilityGlobals) = postSolution
		SolutionGuid = {B21D6C8E-DE21-46FE-A121-82C1B4B3A8F4}
	EndGlobalSection
EndGlobal
