
Microsoft Visual Studio Solution File, Format Version 12.00
# Visual Studio 15
VisualStudioVersion = 15.0.28010.2041
MinimumVisualStudioVersion = 10.0.40219.1
Project("{FAE04EC0-301F-11D3-BF4B-00C04F79EFBC}") = "ex4", "ex4\ex4.csproj", "{7F9592C6-9CB9-4F0B-87C8-395A395B4573}"
EndProject
Global
	GlobalSection(SolutionConfigurationPlatforms) = preSolution
		Debug|Any CPU = Debug|Any CPU
		Release|Any CPU = Release|Any CPU
	EndGlobalSection
	GlobalSection(ProjectConfigurationPlatforms) = postSolution
		{7F9592C6-9CB9-4F0B-87C8-395A395B4573}.Debug|Any CPU.ActiveCfg = Debug|Any CPU
		{7F9592C6-9CB9-4F0B-87C8-395A395B4573}.Debug|Any CPU.Build.0 = Debug|Any CPU
		{7F9592C6-9CB9-4F0B-87C8-395A395B4573}.Release|Any CPU.ActiveCfg = Release|Any CPU
		{7F9592C6-9CB9-4F0B-87C8-395A395B4573}.Release|Any CPU.Build.0 = Release|Any CPU
	EndGlobalSection
	GlobalSection(SolutionProperties) = preSolution
		HideSolutionNode = FALSE
	EndGlobalSection
	GlobalSection(ExtensibilityGlobals) = postSolution
		SolutionGuid = {41F8F52A-C968-4FC2-B8E9-A254B936F3C0}
	EndGlobalSection
EndGlobal
