
Microsoft Visual Studio Solution File, Format Version 12.00
# Visual Studio 15
VisualStudioVersion = 15.0.28010.2041
MinimumVisualStudioVersion = 10.0.40219.1
Project("{FAE04EC0-301F-11D3-BF4B-00C04F79EFBC}") = "ex11", "ex11\ex11.csproj", "{D6F8F367-6720-4FFF-80F3-1FF31B3E791F}"
EndProject
Global
	GlobalSection(SolutionConfigurationPlatforms) = preSolution
		Debug|Any CPU = Debug|Any CPU
		Release|Any CPU = Release|Any CPU
	EndGlobalSection
	GlobalSection(ProjectConfigurationPlatforms) = postSolution
		{D6F8F367-6720-4FFF-80F3-1FF31B3E791F}.Debug|Any CPU.ActiveCfg = Debug|Any CPU
		{D6F8F367-6720-4FFF-80F3-1FF31B3E791F}.Debug|Any CPU.Build.0 = Debug|Any CPU
		{D6F8F367-6720-4FFF-80F3-1FF31B3E791F}.Release|Any CPU.ActiveCfg = Release|Any CPU
		{D6F8F367-6720-4FFF-80F3-1FF31B3E791F}.Release|Any CPU.Build.0 = Release|Any CPU
	EndGlobalSection
	GlobalSection(SolutionProperties) = preSolution
		HideSolutionNode = FALSE
	EndGlobalSection
	GlobalSection(ExtensibilityGlobals) = postSolution
		SolutionGuid = {0C87C4AB-7B6F-4795-ADB9-A889B3828842}
	EndGlobalSection
EndGlobal
