
Microsoft Visual Studio Solution File, Format Version 12.00
# Visual Studio 15
VisualStudioVersion = 15.0.28010.2046
MinimumVisualStudioVersion = 10.0.40219.1
Project("{FAE04EC0-301F-11D3-BF4B-00C04F79EFBC}") = "ex7", "ex7\ex7.csproj", "{11E26C73-C646-45EE-BA14-93890C493493}"
EndProject
Global
	GlobalSection(SolutionConfigurationPlatforms) = preSolution
		Debug|Any CPU = Debug|Any CPU
		Release|Any CPU = Release|Any CPU
	EndGlobalSection
	GlobalSection(ProjectConfigurationPlatforms) = postSolution
		{11E26C73-C646-45EE-BA14-93890C493493}.Debug|Any CPU.ActiveCfg = Debug|Any CPU
		{11E26C73-C646-45EE-BA14-93890C493493}.Debug|Any CPU.Build.0 = Debug|Any CPU
		{11E26C73-C646-45EE-BA14-93890C493493}.Release|Any CPU.ActiveCfg = Release|Any CPU
		{11E26C73-C646-45EE-BA14-93890C493493}.Release|Any CPU.Build.0 = Release|Any CPU
	EndGlobalSection
	GlobalSection(SolutionProperties) = preSolution
		HideSolutionNode = FALSE
	EndGlobalSection
	GlobalSection(ExtensibilityGlobals) = postSolution
		SolutionGuid = {90FF86F9-E3A5-43AF-AA49-0C3C80605B7F}
	EndGlobalSection
EndGlobal
