
Microsoft Visual Studio Solution File, Format Version 12.00
# Visual Studio 15
VisualStudioVersion = 15.0.28010.2041
MinimumVisualStudioVersion = 10.0.40219.1
Project("{FAE04EC0-301F-11D3-BF4B-00C04F79EFBC}") = "ex13", "ex13\ex13.csproj", "{524BE34A-83DD-4604-96C4-C6C0A2D595DF}"
EndProject
Global
	GlobalSection(SolutionConfigurationPlatforms) = preSolution
		Debug|Any CPU = Debug|Any CPU
		Release|Any CPU = Release|Any CPU
	EndGlobalSection
	GlobalSection(ProjectConfigurationPlatforms) = postSolution
		{524BE34A-83DD-4604-96C4-C6C0A2D595DF}.Debug|Any CPU.ActiveCfg = Debug|Any CPU
		{524BE34A-83DD-4604-96C4-C6C0A2D595DF}.Debug|Any CPU.Build.0 = Debug|Any CPU
		{524BE34A-83DD-4604-96C4-C6C0A2D595DF}.Release|Any CPU.ActiveCfg = Release|Any CPU
		{524BE34A-83DD-4604-96C4-C6C0A2D595DF}.Release|Any CPU.Build.0 = Release|Any CPU
	EndGlobalSection
	GlobalSection(SolutionProperties) = preSolution
		HideSolutionNode = FALSE
	EndGlobalSection
	GlobalSection(ExtensibilityGlobals) = postSolution
		SolutionGuid = {FB80E153-9CC4-400B-B488-EE689E4C21D4}
	EndGlobalSection
EndGlobal
