
Microsoft Visual Studio Solution File, Format Version 12.00
# Visual Studio 15
VisualStudioVersion = 15.0.28010.2036
MinimumVisualStudioVersion = 10.0.40219.1
Project("{FAE04EC0-301F-11D3-BF4B-00C04F79EFBC}") = "ex7", "ex7\ex7.csproj", "{0CE0B0DB-58C3-432E-8DFC-20964B7220B6}"
EndProject
Global
	GlobalSection(SolutionConfigurationPlatforms) = preSolution
		Debug|Any CPU = Debug|Any CPU
		Release|Any CPU = Release|Any CPU
	EndGlobalSection
	GlobalSection(ProjectConfigurationPlatforms) = postSolution
		{0CE0B0DB-58C3-432E-8DFC-20964B7220B6}.Debug|Any CPU.ActiveCfg = Debug|Any CPU
		{0CE0B0DB-58C3-432E-8DFC-20964B7220B6}.Debug|Any CPU.Build.0 = Debug|Any CPU
		{0CE0B0DB-58C3-432E-8DFC-20964B7220B6}.Release|Any CPU.ActiveCfg = Release|Any CPU
		{0CE0B0DB-58C3-432E-8DFC-20964B7220B6}.Release|Any CPU.Build.0 = Release|Any CPU
	EndGlobalSection
	GlobalSection(SolutionProperties) = preSolution
		HideSolutionNode = FALSE
	EndGlobalSection
	GlobalSection(ExtensibilityGlobals) = postSolution
		SolutionGuid = {AF282C76-E759-4DEC-92B2-5BE350F946D1}
	EndGlobalSection
EndGlobal
