
Microsoft Visual Studio Solution File, Format Version 12.00
# Visual Studio 15
VisualStudioVersion = 15.0.28010.2041
MinimumVisualStudioVersion = 10.0.40219.1
Project("{FAE04EC0-301F-11D3-BF4B-00C04F79EFBC}") = "ex3", "ex3\ex3.csproj", "{FF4B24B0-D499-4BE8-9C82-7E6456719320}"
EndProject
Global
	GlobalSection(SolutionConfigurationPlatforms) = preSolution
		Debug|Any CPU = Debug|Any CPU
		Release|Any CPU = Release|Any CPU
	EndGlobalSection
	GlobalSection(ProjectConfigurationPlatforms) = postSolution
		{FF4B24B0-D499-4BE8-9C82-7E6456719320}.Debug|Any CPU.ActiveCfg = Debug|Any CPU
		{FF4B24B0-D499-4BE8-9C82-7E6456719320}.Debug|Any CPU.Build.0 = Debug|Any CPU
		{FF4B24B0-D499-4BE8-9C82-7E6456719320}.Release|Any CPU.ActiveCfg = Release|Any CPU
		{FF4B24B0-D499-4BE8-9C82-7E6456719320}.Release|Any CPU.Build.0 = Release|Any CPU
	EndGlobalSection
	GlobalSection(SolutionProperties) = preSolution
		HideSolutionNode = FALSE
	EndGlobalSection
	GlobalSection(ExtensibilityGlobals) = postSolution
		SolutionGuid = {932A476E-86D9-4A0B-94D0-BA1CFF3AFA31}
	EndGlobalSection
EndGlobal
