
Microsoft Visual Studio Solution File, Format Version 12.00
# Visual Studio 15
VisualStudioVersion = 15.0.28010.2041
MinimumVisualStudioVersion = 10.0.40219.1
Project("{FAE04EC0-301F-11D3-BF4B-00C04F79EFBC}") = "ex14", "ex14\ex14.csproj", "{ABF59034-BA28-4B75-B44B-57903BA2F31A}"
EndProject
Global
	GlobalSection(SolutionConfigurationPlatforms) = preSolution
		Debug|Any CPU = Debug|Any CPU
		Release|Any CPU = Release|Any CPU
	EndGlobalSection
	GlobalSection(ProjectConfigurationPlatforms) = postSolution
		{ABF59034-BA28-4B75-B44B-57903BA2F31A}.Debug|Any CPU.ActiveCfg = Debug|Any CPU
		{ABF59034-BA28-4B75-B44B-57903BA2F31A}.Debug|Any CPU.Build.0 = Debug|Any CPU
		{ABF59034-BA28-4B75-B44B-57903BA2F31A}.Release|Any CPU.ActiveCfg = Release|Any CPU
		{ABF59034-BA28-4B75-B44B-57903BA2F31A}.Release|Any CPU.Build.0 = Release|Any CPU
	EndGlobalSection
	GlobalSection(SolutionProperties) = preSolution
		HideSolutionNode = FALSE
	EndGlobalSection
	GlobalSection(ExtensibilityGlobals) = postSolution
		SolutionGuid = {DEE634A4-F529-41D6-9A7B-54F65AF7BCA8}
	EndGlobalSection
EndGlobal
