
Microsoft Visual Studio Solution File, Format Version 12.00
# Visual Studio 15
VisualStudioVersion = 15.0.28010.2041
MinimumVisualStudioVersion = 10.0.40219.1
Project("{FAE04EC0-301F-11D3-BF4B-00C04F79EFBC}") = "ex3", "ex3\ex3.csproj", "{4A2E3A61-1611-4A10-9DE1-39F1353B8BC1}"
EndProject
Global
	GlobalSection(SolutionConfigurationPlatforms) = preSolution
		Debug|Any CPU = Debug|Any CPU
		Release|Any CPU = Release|Any CPU
	EndGlobalSection
	GlobalSection(ProjectConfigurationPlatforms) = postSolution
		{4A2E3A61-1611-4A10-9DE1-39F1353B8BC1}.Debug|Any CPU.ActiveCfg = Debug|Any CPU
		{4A2E3A61-1611-4A10-9DE1-39F1353B8BC1}.Debug|Any CPU.Build.0 = Debug|Any CPU
		{4A2E3A61-1611-4A10-9DE1-39F1353B8BC1}.Release|Any CPU.ActiveCfg = Release|Any CPU
		{4A2E3A61-1611-4A10-9DE1-39F1353B8BC1}.Release|Any CPU.Build.0 = Release|Any CPU
	EndGlobalSection
	GlobalSection(SolutionProperties) = preSolution
		HideSolutionNode = FALSE
	EndGlobalSection
	GlobalSection(ExtensibilityGlobals) = postSolution
		SolutionGuid = {B3E225B8-1E96-4B41-8CB6-69A64EEA556D}
	EndGlobalSection
EndGlobal
