
Microsoft Visual Studio Solution File, Format Version 12.00
# Visual Studio 15
VisualStudioVersion = 15.0.28010.2036
MinimumVisualStudioVersion = 10.0.40219.1
Project("{FAE04EC0-301F-11D3-BF4B-00C04F79EFBC}") = "tabuada", "tabuada\tabuada.csproj", "{F43BD9D3-418C-4BCA-A3B1-70D1E19EB4E0}"
EndProject
Global
	GlobalSection(SolutionConfigurationPlatforms) = preSolution
		Debug|Any CPU = Debug|Any CPU
		Release|Any CPU = Release|Any CPU
	EndGlobalSection
	GlobalSection(ProjectConfigurationPlatforms) = postSolution
		{F43BD9D3-418C-4BCA-A3B1-70D1E19EB4E0}.Debug|Any CPU.ActiveCfg = Debug|Any CPU
		{F43BD9D3-418C-4BCA-A3B1-70D1E19EB4E0}.Debug|Any CPU.Build.0 = Debug|Any CPU
		{F43BD9D3-418C-4BCA-A3B1-70D1E19EB4E0}.Release|Any CPU.ActiveCfg = Release|Any CPU
		{F43BD9D3-418C-4BCA-A3B1-70D1E19EB4E0}.Release|Any CPU.Build.0 = Release|Any CPU
	EndGlobalSection
	GlobalSection(SolutionProperties) = preSolution
		HideSolutionNode = FALSE
	EndGlobalSection
	GlobalSection(ExtensibilityGlobals) = postSolution
		SolutionGuid = {36E53CFD-38E1-4851-B25A-9F55CF9EDF02}
	EndGlobalSection
EndGlobal
